
Microsoft Visual Studio Solution File, Format Version 12.00
# Visual Studio 14
VisualStudioVersion = 14.0.25420.1
MinimumVisualStudioVersion = 10.0.40219.1
Project("{FAE04EC0-301F-11D3-BF4B-00C04F79EFBC}") = "PhotoMarkup", "PhotoMarkup.csproj", "{7E8B5287-3782-41B0-A888-B731A8030FBF}"
EndProject
Project("{FAE04EC0-301F-11D3-BF4B-00C04F79EFBC}") = "AnnotationPlane", "..\AnnotationPlane\AnnotationPlane.csproj", "{9958C7FA-04BA-41F5-A2AD-3D5911110847}"
EndProject
Global
	GlobalSection(SolutionConfigurationPlatforms) = preSolution
		Debug|Any CPU = Debug|Any CPU
		Release|Any CPU = Release|Any CPU
	EndGlobalSection
	GlobalSection(ProjectConfigurationPlatforms) = postSolution
		{7E8B5287-3782-41B0-A888-B731A8030FBF}.Debug|Any CPU.ActiveCfg = Debug|Any CPU
		{7E8B5287-3782-41B0-A888-B731A8030FBF}.Debug|Any CPU.Build.0 = Debug|Any CPU
		{7E8B5287-3782-41B0-A888-B731A8030FBF}.Release|Any CPU.ActiveCfg = Release|Any CPU
		{7E8B5287-3782-41B0-A888-B731A8030FBF}.Release|Any CPU.Build.0 = Release|Any CPU
		{9958C7FA-04BA-41F5-A2AD-3D5911110847}.Debug|Any CPU.ActiveCfg = Debug|Any CPU
		{9958C7FA-04BA-41F5-A2AD-3D5911110847}.Debug|Any CPU.Build.0 = Debug|Any CPU
		{9958C7FA-04BA-41F5-A2AD-3D5911110847}.Release|Any CPU.ActiveCfg = Release|Any CPU
		{9958C7FA-04BA-41F5-A2AD-3D5911110847}.Release|Any CPU.Build.0 = Release|Any CPU
	EndGlobalSection
	GlobalSection(SolutionProperties) = preSolution
		HideSolutionNode = FALSE
	EndGlobalSection
EndGlobal
